version = 1
requires-python = ">=3.12"

[manifest]
members = [
    "nimowagukari-examples",
    "nimowagukari-examples-ext1",
]

[[package]]
name = "nimowagukari-examples"
version = "0.1.12"
source = { editable = "." }
dependencies = [
    { name = "nimowagukari-examples-ext1" },
]

[package.metadata]
requires-dist = [{ name = "nimowagukari-examples-ext1", editable = "packages/nimowagukari_examples_ext1" }]

[[package]]
name = "nimowagukari-examples-ext1"
version = "0.1.0"
source = { editable = "packages/nimowagukari_examples_ext1" }
